
Microsoft Visual Studio Solution File, Format Version 12.00
# Visual Studio 15
VisualStudioVersion = 15.0.26228.4
MinimumVisualStudioVersion = 10.0.40219.1
Project("{2150E333-8FDC-42A3-9474-1A3956D46DE8}") = "Tests", "Tests", "{5AE671EC-B423-4A4E-9F2A-286B07DC9A96}"
EndProject
Project("{9A19103F-16F7-4668-BE54-9A1E7A4F7556}") = "Zencoder", "Zencoder\Zencoder.csproj", "{6EB919AA-E670-470A-83F7-456DB83B3E19}"
EndProject
Project("{FAE04EC0-301F-11D3-BF4B-00C04F79EFBC}") = "Zencoder.Tests", "Zencoder.Tests\Zencoder.Tests.csproj", "{F9F52A38-1F73-4EFA-B9B1-E08625D56BBB}"
EndProject
Global
	GlobalSection(SolutionConfigurationPlatforms) = preSolution
		Debug|Any CPU = Debug|Any CPU
		Release|Any CPU = Release|Any CPU
	EndGlobalSection
	GlobalSection(ProjectConfigurationPlatforms) = postSolution
		{6EB919AA-E670-470A-83F7-456DB83B3E19}.Debug|Any CPU.ActiveCfg = Debug|Any CPU
		{6EB919AA-E670-470A-83F7-456DB83B3E19}.Debug|Any CPU.Build.0 = Debug|Any CPU
		{6EB919AA-E670-470A-83F7-456DB83B3E19}.Release|Any CPU.ActiveCfg = Release|Any CPU
		{6EB919AA-E670-470A-83F7-456DB83B3E19}.Release|Any CPU.Build.0 = Release|Any CPU
		{F9F52A38-1F73-4EFA-B9B1-E08625D56BBB}.Debug|Any CPU.ActiveCfg = Debug|Any CPU
		{F9F52A38-1F73-4EFA-B9B1-E08625D56BBB}.Debug|Any CPU.Build.0 = Debug|Any CPU
		{F9F52A38-1F73-4EFA-B9B1-E08625D56BBB}.Release|Any CPU.ActiveCfg = Release|Any CPU
		{F9F52A38-1F73-4EFA-B9B1-E08625D56BBB}.Release|Any CPU.Build.0 = Release|Any CPU
	EndGlobalSection
	GlobalSection(SolutionProperties) = preSolution
		HideSolutionNode = FALSE
	EndGlobalSection
	GlobalSection(NestedProjects) = preSolution
		{F9F52A38-1F73-4EFA-B9B1-E08625D56BBB} = {5AE671EC-B423-4A4E-9F2A-286B07DC9A96}
	EndGlobalSection
EndGlobal
